// !$*UTF8*$!
{
	archiveVersion = 1;
	classes = {
	};
	objectVersion = 50;
	objects = {

/* Begin PBXBuildFile section */
		4458AA7420AEBBEB00599992 /* AppDelegate.swift in Sources */ = {isa = PBXBuildFile; fileRef = 4458AA7320AEBBEB00599992 /* AppDelegate.swift */; };
		4458AA7620AEBBEB00599992 /* ViewController.swift in Sources */ = {isa = PBXBuildFile; fileRef = 4458AA7520AEBBEB00599992 /* ViewController.swift */; };
		4458AA7920AEBBEB00599992 /* Main.storyboard in Resources */ = {isa = PBXBuildFile; fileRef = 4458AA7720AEBBEB00599992 /* Main.storyboard */; };
		4458AA7B20AEBBF400599992 /* Assets.xcassets in Resources */ = {isa = PBXBuildFile; fileRef = 4458AA7A20AEBBF400599992 /* Assets.xcassets */; };
		4458AA7E20AEBBF400599992 /* LaunchScreen.storyboard in Resources */ = {isa = PBXBuildFile; fileRef = 4458AA7C20AEBBF400599992 /* LaunchScreen.storyboard */; };
		4458AA8620AEBC2300599992 /* RatingControl.swift in Sources */ = {isa = PBXBuildFile; fileRef = 4458AA8520AEBC2300599992 /* RatingControl.swift */; };
/* End PBXBuildFile section */

/* Begin PBXFileReference section */
		4458AA7020AEBBEB00599992 /* RatingControl.app */ = {isa = PBXFileReference; explicitFileType = wrapper.application; includeInIndex = 0; path = RatingControl.app; sourceTree = BUILT_PRODUCTS_DIR; };
		4458AA7320AEBBEB00599992 /* AppDelegate.swift */ = {isa = PBXFileReference; lastKnownFileType = sourcecode.swift; path = AppDelegate.swift; sourceTree = "<group>"; };
		4458AA7520AEBBEB00599992 /* ViewController.swift */ = {isa = PBXFileReference; lastKnownFileType = sourcecode.swift; path = ViewController.swift; sourceTree = "<group>"; };
		4458AA7820AEBBEB00599992 /* Base */ = {isa = PBXFileReference; lastKnownFileType = file.storyboard; name = Base; path = Base.lproj/Main.storyboard; sourceTree = "<group>"; };
		4458AA7A20AEBBF400599992 /* Assets.xcassets */ = {isa = PBXFileReference; lastKnownFileType = folder.assetcatalog; path = Assets.xcassets; sourceTree = "<group>"; };
		4458AA7D20AEBBF400599992 /* Base */ = {isa = PBXFileReference; lastKnownFileType = file.storyboard; name = Base; path = Base.lproj/LaunchScreen.storyboard; sourceTree = "<group>"; };
		4458AA7F20AEBBF400599992 /* Info.plist */ = {isa = PBXFileReference; lastKnownFileType = text.plist.xml; path = Info.plist; sourceTree = "<group>"; };
		4458AA8520AEBC2300599992 /* RatingControl.swift */ = {isa = PBXFileReference; lastKnownFileType = sourcecode.swift; path = RatingControl.swift; sourceTree = "<group>"; };
/* End PBXFileReference section */

/* Begin PBXFrameworksBuildPhase section */
		4458AA6D20AEBBEB00599992 /* Frameworks */ = {
			isa = PBXFrameworksBuildPhase;
			buildActionMask = 2147483647;
			files = (
			);
			runOnlyForDeploymentPostprocessing = 0;
		};
/* End PBXFrameworksBuildPhase section */

/* Begin PBXGroup section */
		4458AA6720AEBBEB00599992 = {
			isa = PBXGroup;
			children = (
				4458AA7220AEBBEB00599992 /* RatingControl */,
				4458AA7120AEBBEB00599992 /* Products */,
			);
			sourceTree = "<group>";
		};
		4458AA7120AEBBEB00599992 /* Products */ = {
			isa = PBXGroup;
			children = (
				4458AA7020AEBBEB00599992 /* RatingControl.app */,
			);
			name = Products;
			sourceTree = "<group>";
		};
		4458AA7220AEBBEB00599992 /* RatingControl */ = {
			isa = PBXGroup;
			children = (
				4458AA7320AEBBEB00599992 /* AppDelegate.swift */,
				4458AA7520AEBBEB00599992 /* ViewController.swift */,
				4458AA7720AEBBEB00599992 /* Main.storyboard */,
				4458AA7A20AEBBF400599992 /* Assets.xcassets */,
				4458AA7C20AEBBF400599992 /* LaunchScreen.storyboard */,
				4458AA7F20AEBBF400599992 /* Info.plist */,
				4458AA8520AEBC2300599992 /* RatingControl.swift */,
			);
			path = RatingControl;
			sourceTree = "<group>";
		};
/* End PBXGroup section */

/* Begin PBXNativeTarget section */
		4458AA6F20AEBBEB00599992 /* RatingControl */ = {
			isa = PBXNativeTarget;
			buildConfigurationList = 4458AA8220AEBBF400599992 /* Build configuration list for PBXNativeTarget "RatingControl" */;
			buildPhases = (
				4458AA6C20AEBBEB00599992 /* Sources */,
				4458AA6D20AEBBEB00599992 /* Frameworks */,
				4458AA6E20AEBBEB00599992 /* Resources */,
			);
			buildRules = (
			);
			dependencies = (
			);
			name = RatingControl;
			productName = RatingControl;
			productReference = 4458AA7020AEBBEB00599992 /* RatingControl.app */;
			productType = "com.apple.product-type.application";
		};
/* End PBXNativeTarget section */

/* Begin PBXProject section */
		4458AA6820AEBBEB00599992 /* Project object */ = {
			isa = PBXProject;
			attributes = {
				LastSwiftUpdateCheck = 0930;
				LastUpgradeCheck = 0930;
				ORGANIZATIONNAME = "iOS Developer";
				TargetAttributes = {
					4458AA6F20AEBBEB00599992 = {
						CreatedOnToolsVersion = 9.3;
					};
				};
			};
			buildConfigurationList = 4458AA6B20AEBBEB00599992 /* Build configuration list for PBXProject "RatingControl" */;
			compatibilityVersion = "Xcode 9.3";
			developmentRegion = en;
			hasScannedForEncodings = 0;
			knownRegions = (
				en,
				Base,
			);
			mainGroup = 4458AA6720AEBBEB00599992;
			productRefGroup = 4458AA7120AEBBEB00599992 /* Products */;
			projectDirPath = "";
			projectRoot = "";
			targets = (
				4458AA6F20AEBBEB00599992 /* RatingControl */,
			);
		};
/* End PBXProject section */

/* Begin PBXResourcesBuildPhase section */
		4458AA6E20AEBBEB00599992 /* Resources */ = {
			isa = PBXResourcesBuildPhase;
			buildActionMask = 2147483647;
			files = (
				4458AA7E20AEBBF400599992 /* LaunchScreen.storyboard in Resources */,
				4458AA7B20AEBBF400599992 /* Assets.xcassets in Resources */,
				4458AA7920AEBBEB00599992 /* Main.storyboard in Resources */,
			);
			runOnlyForDeploymentPostprocessing = 0;
		};
/* End PBXResourcesBuildPhase section */

/* Begin PBXSourcesBuildPhase section */
		4458AA6C20AEBBEB00599992 /* Sources */ = {
			isa = PBXSourcesBuildPhase;
			buildActionMask = 2147483647;
			files = (
				4458AA7620AEBBEB00599992 /* ViewController.swift in Sources */,
				4458AA8620AEBC2300599992 /* RatingControl.swift in Sources */,
				4458AA7420AEBBEB00599992 /* AppDelegate.swift in Sources */,
			);
			runOnlyForDeploymentPostprocessing = 0;
		};
/* End PBXSourcesBuildPhase section */

/* Begin PBXVariantGroup section */
		4458AA7720AEBBEB00599992 /* Main.storyboard */ = {
			isa = PBXVariantGroup;
			children = (
				4458AA7820AEBBEB00599992 /* Base */,
			);
			name = Main.storyboard;
			sourceTree = "<group>";
		};
		4458AA7C20AEBBF400599992 /* LaunchScreen.storyboard */ = {
			isa = PBXVariantGroup;
			children = (
				4458AA7D20AEBBF400599992 /* Base */,
			);
			name = LaunchScreen.storyboard;
			sourceTree = "<group>";
		};
/* End PBXVariantGroup section */

/* Begin XCBuildConfiguration section */
		4458AA8020AEBBF400599992 /* Debug */ = {
			isa = XCBuildConfiguration;
			buildSettings = {
				ALWAYS_SEARCH_USER_PATHS = NO;
				CLANG_ANALYZER_NONNULL = YES;
				CLANG_ANALYZER_NUMBER_OBJECT_CONVERSION = YES_AGGRESSIVE;
				CLANG_CXX_LANGUAGE_STANDARD = "gnu++14";
				CLANG_CXX_LIBRARY = "libc++";
				CLANG_ENABLE_MODULES = YES;
				CLANG_ENABLE_OBJC_ARC = YES;
				CLANG_ENABLE_OBJC_WEAK = YES;
				CLANG_WARN_BLOCK_CAPTURE_AUTORELEASING = YES;
				CLANG_WARN_BOOL_CONVERSION = YES;
				CLANG_WARN_COMMA = YES;
				CLANG_WARN_CONSTANT_CONVERSION = YES;
				CLANG_WARN_DEPRECATED_OBJC_IMPLEMENTATIONS = YES;
				CLANG_WARN_DIRECT_OBJC_ISA_USAGE = YES_ERROR;
				CLANG_WARN_DOCUMENTATION_COMMENTS = YES;
				CLANG_WARN_EMPTY_BODY = YES;
				CLANG_WARN_ENUM_CONVERSION = YES;
				CLANG_WARN_INFINITE_RECURSION = YES;
				CLANG_WARN_INT_CONVERSION = YES;
				CLANG_WARN_NON_LITERAL_NULL_CONVERSION = YES;
				CLANG_WARN_OBJC_IMPLICIT_RETAIN_SELF = YES;
				CLANG_WARN_OBJC_LITERAL_CONVERSION = YES;
				CLANG_WARN_OBJC_ROOT_CLASS = YES_ERROR;
				CLANG_WARN_RANGE_LOOP_ANALYSIS = YES;
				CLANG_WARN_STRICT_PROTOTYPES = YES;
				CLANG_WARN_SUSPICIOUS_MOVE = YES;
				CLANG_WARN_UNGUARDED_AVAILABILITY = YES_AGGRESSIVE;
				CLANG_WARN_UNREACHABLE_CODE = YES;
				CLANG_WARN__DUPLICATE_METHOD_MATCH = YES;
				CODE_SIGN_IDENTITY = "iPhone Developer";
				COPY_PHASE_STRIP = NO;
				DEBUG_INFORMATION_FORMAT = dwarf;
				ENABLE_STRICT_OBJC_MSGSEND = YES;
				ENABLE_TESTABILITY = YES;
				GCC_C_LANGUAGE_STANDARD = gnu11;
				GCC_DYNAMIC_NO_PIC = NO;
				GCC_NO_COMMON_BLOCKS = YES;
				GCC_OPTIMIZATION_LEVEL = 0;
				GCC_PREPROCESSOR_DEFINITIONS = (
					"DEBUG=1",
					"$(inherited)",
				);
				GCC_WARN_64_TO_32_BIT_CONVERSION = YES;
				GCC_WARN_ABOUT_RETURN_TYPE = YES_ERROR;
				GCC_WARN_UNDECLARED_SELECTOR = YES;
				GCC_WARN_UNINITIALIZED_AUTOS = YES_AGGRESSIVE;
				GCC_WARN_UNUSED_FUNCTION = YES;
				GCC_WARN_UNUSED_VARIABLE = YES;
				IPHONEOS_DEPLOYMENT_TARGET = 11.3;
				MTL_ENABLE_DEBUG_INFO = YES;
				ONLY_ACTIVE_ARCH = YES;
				SDKROOT = iphoneos;
				SWIFT_ACTIVE_COMPILATION_CONDITIONS = DEBUG;
				SWIFT_OPTIMIZATION_LEVEL = "-Onone";
			};
			name = Debug;
		};
		4458AA8120AEBBF400599992 /* Release */ = {
			isa = XCBuildConfiguration;
			buildSettings = {
				ALWAYS_SEARCH_USER_PATHS = NO;
				CLANG_ANALYZER_NONNULL = YES;
				CLANG_ANALYZER_NUMBER_OBJECT_CONVERSION = YES_AGGRESSIVE;
				CLANG_CXX_LANGUAGE_STANDARD = "gnu++14";
				CLANG_CXX_LIBRARY = "libc++";
				CLANG_ENABLE_MODULES = YES;
				CLANG_ENABLE_OBJC_ARC = YES;
				CLANG_ENABLE_OBJC_WEAK = YES;
				CLANG_WARN_BLOCK_CAPTURE_AUTORELEASING = YES;
				CLANG_WARN_BOOL_CONVERSION = YES;
				CLANG_WARN_COMMA = YES;
				CLANG_WARN_CONSTANT_CONVERSION = YES;
				CLANG_WARN_DEPRECATED_OBJC_IMPLEMENTATIONS = YES;
				CLANG_WARN_DIRECT_OBJC_ISA_USAGE = YES_ERROR;
				CLANG_WARN_DOCUMENTATION_COMMENTS = YES;
				CLANG_WARN_EMPTY_BODY = YES;
				CLANG_WARN_ENUM_CONVERSION = YES;
				CLANG_WARN_INFINITE_RECURSION = YES;
				CLANG_WARN_INT_CONVERSION = YES;
				CLANG_WARN_NON_LITERAL_NULL_CONVERSION = YES;
				CLANG_WARN_OBJC_IMPLICIT_RETAIN_SELF = YES;
				CLANG_WARN_OBJC_LITERAL_CONVERSION = YES;
				CLANG_WARN_OBJC_ROOT_CLASS = YES_ERROR;
				CLANG_WARN_RANGE_LOOP_ANALYSIS = YES;
				CLANG_WARN_STRICT_PROTOTYPES = YES;
				CLANG_WARN_SUSPICIOUS_MOVE = YES;
				CLANG_WARN_UNGUARDED_AVAILABILITY = YES_AGGRESSIVE;
				CLANG_WARN_UNREACHABLE_CODE = YES;
				CLANG_WARN__DUPLICATE_METHOD_MATCH = YES;
				CODE_SIGN_IDENTITY = "iPhone Developer";
				COPY_PHASE_STRIP = NO;
				DEBUG_INFORMATION_FORMAT = "dwarf-with-dsym";
				ENABLE_NS_ASSERTIONS = NO;
				ENABLE_STRICT_OBJC_MSGSEND = YES;
				GCC_C_LANGUAGE_STANDARD = gnu11;
				GCC_NO_COMMON_BLOCKS = YES;
				GCC_WARN_64_TO_32_BIT_CONVERSION = YES;
				GCC_WARN_ABOUT_RETURN_TYPE = YES_ERROR;
				GCC_WARN_UNDECLARED_SELECTOR = YES;
				GCC_WARN_UNINITIALIZED_AUTOS = YES_AGGRESSIVE;
				GCC_WARN_UNUSED_FUNCTION = YES;
				GCC_WARN_UNUSED_VARIABLE = YES;
				IPHONEOS_DEPLOYMENT_TARGET = 11.3;
				MTL_ENABLE_DEBUG_INFO = NO;
				SDKROOT = iphoneos;
				SWIFT_COMPILATION_MODE = wholemodule;
				SWIFT_OPTIMIZATION_LEVEL = "-O";
				VALIDATE_PRODUCT = YES;
			};
			name = Release;
		};
		4458AA8320AEBBF400599992 /* Debug */ = {
			isa = XCBuildConfiguration;
			buildSettings = {
				ASSETCATALOG_COMPILER_APPICON_NAME = AppIcon;
				CODE_SIGN_STYLE = Automatic;
				INFOPLIST_FILE = RatingControl/Info.plist;
				LD_RUNPATH_SEARCH_PATHS = (
					"$(inherited)",
					"@executable_path/Frameworks",
				);
				PRODUCT_BUNDLE_IDENTIFIER = com.Suryakant.RatingControl;
				PRODUCT_NAME = "$(TARGET_NAME)";
				SWIFT_VERSION = 4.0;
				TARGETED_DEVICE_FAMILY = "1,2";
			};
			name = Debug;
		};
		4458AA8420AEBBF400599992 /* Release */ = {
			isa = XCBuildConfiguration;
			buildSettings = {
				ASSETCATALOG_COMPILER_APPICON_NAME = AppIcon;
				CODE_SIGN_STYLE = Automatic;
				INFOPLIST_FILE = RatingControl/Info.plist;
				LD_RUNPATH_SEARCH_PATHS = (
					"$(inherited)",
					"@executable_path/Frameworks",
				);
				PRODUCT_BUNDLE_IDENTIFIER = com.Suryakant.RatingControl;
				PRODUCT_NAME = "$(TARGET_NAME)";
				SWIFT_VERSION = 4.0;
				TARGETED_DEVICE_FAMILY = "1,2";
			};
			name = Release;
		};
/* End XCBuildConfiguration section */

/* Begin XCConfigurationList section */
		4458AA6B20AEBBEB00599992 /* Build configuration list for PBXProject "RatingControl" */ = {
			isa = XCConfigurationList;
			buildConfigurations = (
				4458AA8020AEBBF400599992 /* Debug */,
				4458AA8120AEBBF400599992 /* Release */,
			);
			defaultConfigurationIsVisible = 0;
			defaultConfigurationName = Release;
		};
		4458AA8220AEBBF400599992 /* Build configuration list for PBXNativeTarget "RatingControl" */ = {
			isa = XCConfigurationList;
			buildConfigurations = (
				4458AA8320AEBBF400599992 /* Debug */,
				4458AA8420AEBBF400599992 /* Release */,
			);
			defaultConfigurationIsVisible = 0;
			defaultConfigurationName = Release;
		};
/* End XCConfigurationList section */
	};
	rootObject = 4458AA6820AEBBEB00599992 /* Project object */;
}
